{
  "lockfileVersion": 1,
  "workspaces": {
    "": {
      "name": "@fahdlaabi12/tailwindcss-inner-border",
      "devDependencies": {
        "@types/node": "16.11.65",
        "husky": "8.0.1",
        "nano-staged": "0.8.0",
        "prettier": "2.7.1",
        "tailwindcss": "4",
      },
      "peerDependencies": {
        "tailwindcss": ">=4",
      },
    },
  },
  "packages": {
    "@types/node": ["@types/node@16.11.65", "", {}, "sha512-Vfz7wGMOr4jbQGiQHVJm8VjeQwM9Ya7mHe9LtQ264/Epf5n1KiZShOFqk++nBzw6a/ubgYdB9Od7P+MH/LjoWw=="],

    "husky": ["husky@8.0.1", "", { "bin": { "husky": "lib/bin.js" } }, "sha512-xs7/chUH/CKdOCs7Zy0Aev9e/dKOMZf3K1Az1nar3tzlv0jfqnYtu235bstsWTmXOR0EfINrPa97yy4Lz6RiKw=="],

    "nano-staged": ["nano-staged@0.8.0", "", { "dependencies": { "picocolors": "^1.0.0" }, "bin": { "nano-staged": "lib/bin.js" } }, "sha512-QSEqPGTCJbkHU2yLvfY6huqYPjdBrOaTMKatO1F8nCSrkQGXeKwtCiCnsdxnuMhbg3DTVywKaeWLGCE5oJpq0g=="],

    "picocolors": ["picocolors@1.1.1", "", {}, "sha512-xceH2snhtb5M9liqDsmEw56le376mTZkEX/jEb/RxNFyegNul7eNslCXP9FDj/Lcu0X8KEyMceP2ntpaHrDEVA=="],

    "prettier": ["prettier@2.7.1", "", { "bin": { "prettier": "bin-prettier.js" } }, "sha512-ujppO+MkdPqoVINuDFDRLClm7D78qbDt0/NR+wp5FqEZOoTNAjPHWj17QRhu7geIHJfcNhRk1XVQmF8Bp3ye+g=="],

    "tailwindcss": ["tailwindcss@4.0.6", "", {}, "sha512-mysewHYJKaXgNOW6pp5xon/emCsfAMnO8WMaGKZZ35fomnR/T5gYnRg2/yRTTrtXiEl1tiVkeRt0eMO6HxEZqw=="],
  }
}
